
Microsoft Visual Studio Solution File, Format Version 12.00
# Visual Studio Version 17
VisualStudioVersion = 17.10.35013.160
MinimumVisualStudioVersion = 10.0.40219.1
Project("{2150E333-8FDC-42A3-9474-1A3956D46DE8}") = "src", "src", "{B6DB0F6B-34B4-482C-A131-39B06F523245}"
EndProject
Project("{2150E333-8FDC-42A3-9474-1A3956D46DE8}") = "ApiGateways", "ApiGateways", "{3B65D474-59A9-4EF3-A50D-4C95306B08F0}"
EndProject
Project("{2150E333-8FDC-42A3-9474-1A3956D46DE8}") = "BuildingBlocks", "BuildingBlocks", "{5AD75022-89C9-426B-A45F-6BA2A4780783}"
EndProject
Project("{2150E333-8FDC-42A3-9474-1A3956D46DE8}") = "Core", "Core", "{4F581357-4541-4301-81C4-FEB3763B0A39}"
EndProject
Project("{2150E333-8FDC-42A3-9474-1A3956D46DE8}") = "MessageBus", "MessageBus", "{065D0AA5-320F-4455-8421-D98745FE5256}"
EndProject
Project("{2150E333-8FDC-42A3-9474-1A3956D46DE8}") = "Services", "Services", "{5C7378DE-949E-462E-817E-458B347B4A03}"
EndProject
Project("{2150E333-8FDC-42A3-9474-1A3956D46DE8}") = "Services", "Services", "{B8C63D05-8D59-463E-9E81-A130DF5B0A31}"
EndProject
Project("{2150E333-8FDC-42A3-9474-1A3956D46DE8}") = "Lancamentos", "Lancamentos", "{FB8159FB-7CE4-46FA-B569-BC2A9E386D45}"
EndProject
Project("{2150E333-8FDC-42A3-9474-1A3956D46DE8}") = "Consolidacao", "Consolidacao", "{8D77893F-A1C2-46F2-8F9B-DCC5A546B0E8}"
EndProject
Project("{9A19103F-16F7-4668-BE54-9A1E7A4F7556}") = "Core", "Core\Core.csproj", "{FE56ED9E-44B8-4814-8BE3-4F4BD8E4A5C0}"
EndProject
Project("{9A19103F-16F7-4668-BE54-9A1E7A4F7556}") = "MessageBus", "MessageBus\MessageBus.csproj", "{C79EC4A3-9D6E-451F-82E3-CAA098E93E2F}"
EndProject
Project("{9A19103F-16F7-4668-BE54-9A1E7A4F7556}") = "WebApi.Core", "WebApi.Core\WebApi.Core.csproj", "{BCA49C6C-01C1-4082-884B-E27DF3256A6D}"
EndProject
Project("{2150E333-8FDC-42A3-9474-1A3956D46DE8}") = "Identidade", "Identidade", "{F23F6352-A0CE-4915-9389-8C78D2D878C6}"
EndProject
Project("{9A19103F-16F7-4668-BE54-9A1E7A4F7556}") = "Identidade.API", "Identidade.API\Identidade.API.csproj", "{5C5BA250-DF9F-483E-8702-A92CB2D12532}"
EndProject
Project("{FAE04EC0-301F-11D3-BF4B-00C04F79EFBC}") = "Lancamento.API", "Lancamento\Lancamento.API.csproj", "{B690C603-A2B3-4BAB-9B74-84D386851ED8}"
EndProject
Project("{FAE04EC0-301F-11D3-BF4B-00C04F79EFBC}") = "Gateway.API", "Gateway.API\Gateway.API.csproj", "{FE0D76A3-7F4F-4984-8706-050E4D62C6B5}"
EndProject
Project("{FAE04EC0-301F-11D3-BF4B-00C04F79EFBC}") = "Consolidacao.API", "Consolidacao.API\Consolidacao.API.csproj", "{9041A3A5-5635-45A2-85C1-A336395A5A9F}"
EndProject
Global
	GlobalSection(SolutionConfigurationPlatforms) = preSolution
		Debug|Any CPU = Debug|Any CPU
		Release|Any CPU = Release|Any CPU
	EndGlobalSection
	GlobalSection(ProjectConfigurationPlatforms) = postSolution
		{FE56ED9E-44B8-4814-8BE3-4F4BD8E4A5C0}.Debug|Any CPU.ActiveCfg = Debug|Any CPU
		{FE56ED9E-44B8-4814-8BE3-4F4BD8E4A5C0}.Debug|Any CPU.Build.0 = Debug|Any CPU
		{FE56ED9E-44B8-4814-8BE3-4F4BD8E4A5C0}.Release|Any CPU.ActiveCfg = Release|Any CPU
		{FE56ED9E-44B8-4814-8BE3-4F4BD8E4A5C0}.Release|Any CPU.Build.0 = Release|Any CPU
		{C79EC4A3-9D6E-451F-82E3-CAA098E93E2F}.Debug|Any CPU.ActiveCfg = Debug|Any CPU
		{C79EC4A3-9D6E-451F-82E3-CAA098E93E2F}.Debug|Any CPU.Build.0 = Debug|Any CPU
		{C79EC4A3-9D6E-451F-82E3-CAA098E93E2F}.Release|Any CPU.ActiveCfg = Release|Any CPU
		{C79EC4A3-9D6E-451F-82E3-CAA098E93E2F}.Release|Any CPU.Build.0 = Release|Any CPU
		{BCA49C6C-01C1-4082-884B-E27DF3256A6D}.Debug|Any CPU.ActiveCfg = Debug|Any CPU
		{BCA49C6C-01C1-4082-884B-E27DF3256A6D}.Debug|Any CPU.Build.0 = Debug|Any CPU
		{BCA49C6C-01C1-4082-884B-E27DF3256A6D}.Release|Any CPU.ActiveCfg = Release|Any CPU
		{BCA49C6C-01C1-4082-884B-E27DF3256A6D}.Release|Any CPU.Build.0 = Release|Any CPU
		{5C5BA250-DF9F-483E-8702-A92CB2D12532}.Debug|Any CPU.ActiveCfg = Debug|Any CPU
		{5C5BA250-DF9F-483E-8702-A92CB2D12532}.Debug|Any CPU.Build.0 = Debug|Any CPU
		{5C5BA250-DF9F-483E-8702-A92CB2D12532}.Release|Any CPU.ActiveCfg = Release|Any CPU
		{5C5BA250-DF9F-483E-8702-A92CB2D12532}.Release|Any CPU.Build.0 = Release|Any CPU
		{B690C603-A2B3-4BAB-9B74-84D386851ED8}.Debug|Any CPU.ActiveCfg = Debug|Any CPU
		{B690C603-A2B3-4BAB-9B74-84D386851ED8}.Debug|Any CPU.Build.0 = Debug|Any CPU
		{B690C603-A2B3-4BAB-9B74-84D386851ED8}.Release|Any CPU.ActiveCfg = Release|Any CPU
		{B690C603-A2B3-4BAB-9B74-84D386851ED8}.Release|Any CPU.Build.0 = Release|Any CPU
		{FE0D76A3-7F4F-4984-8706-050E4D62C6B5}.Debug|Any CPU.ActiveCfg = Debug|Any CPU
		{FE0D76A3-7F4F-4984-8706-050E4D62C6B5}.Debug|Any CPU.Build.0 = Debug|Any CPU
		{FE0D76A3-7F4F-4984-8706-050E4D62C6B5}.Release|Any CPU.ActiveCfg = Release|Any CPU
		{FE0D76A3-7F4F-4984-8706-050E4D62C6B5}.Release|Any CPU.Build.0 = Release|Any CPU
		{9041A3A5-5635-45A2-85C1-A336395A5A9F}.Debug|Any CPU.ActiveCfg = Debug|Any CPU
		{9041A3A5-5635-45A2-85C1-A336395A5A9F}.Debug|Any CPU.Build.0 = Debug|Any CPU
		{9041A3A5-5635-45A2-85C1-A336395A5A9F}.Release|Any CPU.ActiveCfg = Release|Any CPU
		{9041A3A5-5635-45A2-85C1-A336395A5A9F}.Release|Any CPU.Build.0 = Release|Any CPU
	EndGlobalSection
	GlobalSection(SolutionProperties) = preSolution
		HideSolutionNode = FALSE
	EndGlobalSection
	GlobalSection(NestedProjects) = preSolution
		{3B65D474-59A9-4EF3-A50D-4C95306B08F0} = {B6DB0F6B-34B4-482C-A131-39B06F523245}
		{5AD75022-89C9-426B-A45F-6BA2A4780783} = {B6DB0F6B-34B4-482C-A131-39B06F523245}
		{4F581357-4541-4301-81C4-FEB3763B0A39} = {5AD75022-89C9-426B-A45F-6BA2A4780783}
		{065D0AA5-320F-4455-8421-D98745FE5256} = {5AD75022-89C9-426B-A45F-6BA2A4780783}
		{5C7378DE-949E-462E-817E-458B347B4A03} = {5AD75022-89C9-426B-A45F-6BA2A4780783}
		{B8C63D05-8D59-463E-9E81-A130DF5B0A31} = {B6DB0F6B-34B4-482C-A131-39B06F523245}
		{FB8159FB-7CE4-46FA-B569-BC2A9E386D45} = {B8C63D05-8D59-463E-9E81-A130DF5B0A31}
		{8D77893F-A1C2-46F2-8F9B-DCC5A546B0E8} = {B8C63D05-8D59-463E-9E81-A130DF5B0A31}
		{FE56ED9E-44B8-4814-8BE3-4F4BD8E4A5C0} = {4F581357-4541-4301-81C4-FEB3763B0A39}
		{C79EC4A3-9D6E-451F-82E3-CAA098E93E2F} = {065D0AA5-320F-4455-8421-D98745FE5256}
		{BCA49C6C-01C1-4082-884B-E27DF3256A6D} = {5C7378DE-949E-462E-817E-458B347B4A03}
		{F23F6352-A0CE-4915-9389-8C78D2D878C6} = {B8C63D05-8D59-463E-9E81-A130DF5B0A31}
		{5C5BA250-DF9F-483E-8702-A92CB2D12532} = {F23F6352-A0CE-4915-9389-8C78D2D878C6}
		{B690C603-A2B3-4BAB-9B74-84D386851ED8} = {FB8159FB-7CE4-46FA-B569-BC2A9E386D45}
		{FE0D76A3-7F4F-4984-8706-050E4D62C6B5} = {3B65D474-59A9-4EF3-A50D-4C95306B08F0}
		{9041A3A5-5635-45A2-85C1-A336395A5A9F} = {8D77893F-A1C2-46F2-8F9B-DCC5A546B0E8}
	EndGlobalSection
	GlobalSection(ExtensibilityGlobals) = postSolution
		SolutionGuid = {E97255F8-B679-4A1C-A049-3E62DAC6791D}
	EndGlobalSection
EndGlobal
